
Microsoft Visual Studio Solution File, Format Version 12.00
# Visual Studio Version 17
VisualStudioVersion = 17.4.33213.308
MinimumVisualStudioVersion = 10.0.40219.1
Project("{FAE04EC0-301F-11D3-BF4B-00C04F79EFBC}") = "bookStoreWithCount", "bookStoreWithCount\bookStoreWithCount.csproj", "{346C7AEF-55CF-4776-91E6-815D451C4062}"
EndProject
Global
	GlobalSection(SolutionConfigurationPlatforms) = preSolution
		Debug|Any CPU = Debug|Any CPU
		Release|Any CPU = Release|Any CPU
	EndGlobalSection
	GlobalSection(ProjectConfigurationPlatforms) = postSolution
		{346C7AEF-55CF-4776-91E6-815D451C4062}.Debug|Any CPU.ActiveCfg = Debug|Any CPU
		{346C7AEF-55CF-4776-91E6-815D451C4062}.Debug|Any CPU.Build.0 = Debug|Any CPU
		{346C7AEF-55CF-4776-91E6-815D451C4062}.Release|Any CPU.ActiveCfg = Release|Any CPU
		{346C7AEF-55CF-4776-91E6-815D451C4062}.Release|Any CPU.Build.0 = Release|Any CPU
	EndGlobalSection
	GlobalSection(SolutionProperties) = preSolution
		HideSolutionNode = FALSE
	EndGlobalSection
	GlobalSection(ExtensibilityGlobals) = postSolution
		SolutionGuid = {5DDC3317-6ACF-4B90-BC48-1078726B921E}
	EndGlobalSection
EndGlobal
